
Microsoft Visual Studio Solution File, Format Version 12.00
# Visual Studio Version 17
VisualStudioVersion = 17.4.33205.214
MinimumVisualStudioVersion = 10.0.40219.1
Project("{2150E333-8FDC-42A3-9474-1A3956D46DE8}") = "ClientLib", "ClientLib", "{CCA79ED3-FC4C-45BA-9D03-ACFCACC1F0B0}"
EndProject
Project("{2150E333-8FDC-42A3-9474-1A3956D46DE8}") = "IndexMapper", "IndexMapper", "{F2ECC2F1-7193-4003-ADCE-2A9A9D427AF2}"
EndProject
Project("{9A19103F-16F7-4668-BE54-9A1E7A4F7556}") = "ClientLib", "ClientLib\ClientLib.csproj", "{8806DD70-9B31-4DC2-8D98-8D1CCFF00D36}"
EndProject
Project("{9A19103F-16F7-4668-BE54-9A1E7A4F7556}") = "UnitTests", "UnitTests\UnitTests.csproj", "{3B8ADD1C-B5D3-4010-B272-FBCC2386FF92}"
EndProject
Project("{9A19103F-16F7-4668-BE54-9A1E7A4F7556}") = "ExampleLib", "ExampleLib\ExampleLib.csproj", "{F8C28C02-FC8E-4E63-9D8F-0552C808BF84}"
EndProject
Project("{9A19103F-16F7-4668-BE54-9A1E7A4F7556}") = "IndexMapper", "IndexMapper\IndexMapper.csproj", "{7CC6A81A-D136-43CD-9358-5609F5960FBC}"
EndProject
Global
	GlobalSection(SolutionConfigurationPlatforms) = preSolution
		Debug|Any CPU = Debug|Any CPU
		Release|Any CPU = Release|Any CPU
	EndGlobalSection
	GlobalSection(ProjectConfigurationPlatforms) = postSolution
		{8806DD70-9B31-4DC2-8D98-8D1CCFF00D36}.Debug|Any CPU.ActiveCfg = Debug|Any CPU
		{8806DD70-9B31-4DC2-8D98-8D1CCFF00D36}.Debug|Any CPU.Build.0 = Debug|Any CPU
		{8806DD70-9B31-4DC2-8D98-8D1CCFF00D36}.Release|Any CPU.ActiveCfg = Release|Any CPU
		{8806DD70-9B31-4DC2-8D98-8D1CCFF00D36}.Release|Any CPU.Build.0 = Release|Any CPU
		{3B8ADD1C-B5D3-4010-B272-FBCC2386FF92}.Debug|Any CPU.ActiveCfg = Debug|Any CPU
		{3B8ADD1C-B5D3-4010-B272-FBCC2386FF92}.Debug|Any CPU.Build.0 = Debug|Any CPU
		{3B8ADD1C-B5D3-4010-B272-FBCC2386FF92}.Release|Any CPU.ActiveCfg = Release|Any CPU
		{3B8ADD1C-B5D3-4010-B272-FBCC2386FF92}.Release|Any CPU.Build.0 = Release|Any CPU
		{F8C28C02-FC8E-4E63-9D8F-0552C808BF84}.Debug|Any CPU.ActiveCfg = Debug|Any CPU
		{F8C28C02-FC8E-4E63-9D8F-0552C808BF84}.Debug|Any CPU.Build.0 = Debug|Any CPU
		{F8C28C02-FC8E-4E63-9D8F-0552C808BF84}.Release|Any CPU.ActiveCfg = Release|Any CPU
		{F8C28C02-FC8E-4E63-9D8F-0552C808BF84}.Release|Any CPU.Build.0 = Release|Any CPU
		{7CC6A81A-D136-43CD-9358-5609F5960FBC}.Debug|Any CPU.ActiveCfg = Debug|Any CPU
		{7CC6A81A-D136-43CD-9358-5609F5960FBC}.Debug|Any CPU.Build.0 = Debug|Any CPU
		{7CC6A81A-D136-43CD-9358-5609F5960FBC}.Release|Any CPU.ActiveCfg = Release|Any CPU
		{7CC6A81A-D136-43CD-9358-5609F5960FBC}.Release|Any CPU.Build.0 = Release|Any CPU
	EndGlobalSection
	GlobalSection(SolutionProperties) = preSolution
		HideSolutionNode = FALSE
	EndGlobalSection
	GlobalSection(NestedProjects) = preSolution
		{8806DD70-9B31-4DC2-8D98-8D1CCFF00D36} = {CCA79ED3-FC4C-45BA-9D03-ACFCACC1F0B0}
		{F8C28C02-FC8E-4E63-9D8F-0552C808BF84} = {F2ECC2F1-7193-4003-ADCE-2A9A9D427AF2}
		{7CC6A81A-D136-43CD-9358-5609F5960FBC} = {F2ECC2F1-7193-4003-ADCE-2A9A9D427AF2}
	EndGlobalSection
	GlobalSection(ExtensibilityGlobals) = postSolution
		SolutionGuid = {C1DC12D0-F4B8-4F2F-9CCE-F339F33F60AB}
	EndGlobalSection
EndGlobal
